PODS:
  - Capacitor (3.7.0):
    - CapacitorCordova
  - CapacitorCordova (3.7.0)
  - SDWebImage (4.4.8):
    - SDWebImage/Core (= 4.4.8)
  - SDWebImage/Core (4.4.8)

DEPENDENCIES:
  - Capacitor
  - SDWebImage (~> 4.0)

SPEC REPOS:
  trunk:
    - Capacitor
    - CapacitorCordova
    - SDWebImage

SPEC CHECKSUMS:
  Capacitor: 747a1e47077e8f82abf2209867c440d7366ad68c
  CapacitorCordova: e6b42a8e8d5986c1eb8f02ac0be205fafc32ac33
  SDWebImage: 783af2c3fa36291a250030c4752ee370a9a51d13

PODFILE CHECKSUM: f93405deaf0b155a462def9d2cfc3d2de2939dc4

COCOAPODS: 1.11.3
