PODS:
  - Capacitor (1.0.0-beta.12):
    - CapacitorCordova (= 1.0.0-beta.12)
  - CapacitorCordova (1.0.0-beta.12)
  - CapacitorImageCache (0.0.12):
    - Capacitor
    - SDWebImage (~> 4.0)
  - SDWebImage (4.4.3):
    - SDWebImage/Core (= 4.4.3)
  - SDWebImage/Core (4.4.3)

DEPENDENCIES:
  - "Capacitor (from `../../node_modules/@capacitor/ios`)"
  - "CapacitorCordova (from `../../node_modules/@capacitor/ios`)"
  - CapacitorImageCache (from `../../node_modules/capacitor-image-cache`)

SPEC REPOS:
  https://github.com/cocoapods/specs.git:
    - SDWebImage

EXTERNAL SOURCES:
  Capacitor:
    :path: "../../node_modules/@capacitor/ios"
  CapacitorCordova:
    :path: "../../node_modules/@capacitor/ios"
  CapacitorImageCache:
    :path: "../../node_modules/capacitor-image-cache"

SPEC CHECKSUMS:
  Capacitor: 95a02969f90a0384263d8dd3a0930548c5eb4d3f
  CapacitorCordova: 0ac0f51826feddef37d1ef8a8f6ff8c8b1ed0dd3
  CapacitorImageCache: 555a2aaeb22cc137a57446c5e1828b2fe90e0b07
  SDWebImage: c5594f1a19c48d526d321e548902b56b479cd508

PODFILE CHECKSUM: f5e93cbbbf21599541a04a334e70283c0e204719

COCOAPODS: 1.5.3
